
Microsoft Visual Studio Solution File, Format Version 12.00
# Visual Studio Version 17
VisualStudioVersion = 17.11.35312.102
MinimumVisualStudioVersion = 10.0.40219.1
Project("{FAE04EC0-301F-11D3-BF4B-00C04F79EFBC}") = "tetra-master-api", "tetra-master-api\tetra-master-api.csproj", "{B78835E3-EECA-47FF-BED2-BCDEF26623DB}"
EndProject
Global
	GlobalSection(SolutionConfigurationPlatforms) = preSolution
		Debug|Any CPU = Debug|Any CPU
		Release|Any CPU = Release|Any CPU
	EndGlobalSection
	GlobalSection(ProjectConfigurationPlatforms) = postSolution
		{B78835E3-EECA-47FF-BED2-BCDEF26623DB}.Debug|Any CPU.ActiveCfg = Debug|Any CPU
		{B78835E3-EECA-47FF-BED2-BCDEF26623DB}.Debug|Any CPU.Build.0 = Debug|Any CPU
		{B78835E3-EECA-47FF-BED2-BCDEF26623DB}.Release|Any CPU.ActiveCfg = Release|Any CPU
		{B78835E3-EECA-47FF-BED2-BCDEF26623DB}.Release|Any CPU.Build.0 = Release|Any CPU
	EndGlobalSection
	GlobalSection(SolutionProperties) = preSolution
		HideSolutionNode = FALSE
	EndGlobalSection
	GlobalSection(ExtensibilityGlobals) = postSolution
		SolutionGuid = {0FC5479D-E5A7-48C5-897E-F3AAA025C703}
	EndGlobalSection
EndGlobal
